
Microsoft Visual Studio Solution File, Format Version 12.00
# Visual Studio Version 16
VisualStudioVersion = 16.0.32002.261
MinimumVisualStudioVersion = 10.0.40219.1
Project("{FAE04EC0-301F-11D3-BF4B-00C04F79EFBC}") = "CompanyRegister", "CompanyRegister\CompanyRegister.csproj", "{D1035050-ECD8-4D58-9591-512F006BA56C}"
EndProject
Project("{00D1A9C2-B5F0-4AF3-8072-F6C62B433612}") = "WorkersDataBase", "WorkersDataBase\WorkersDataBase.sqlproj", "{A35E7B51-53FE-47F9-9085-9791EE26C660}"
EndProject
Global
	GlobalSection(SolutionConfigurationPlatforms) = preSolution
		Debug|Any CPU = Debug|Any CPU
		Release|Any CPU = Release|Any CPU
	EndGlobalSection
	GlobalSection(ProjectConfigurationPlatforms) = postSolution
		{D1035050-ECD8-4D58-9591-512F006BA56C}.Debug|Any CPU.ActiveCfg = Debug|Any CPU
		{D1035050-ECD8-4D58-9591-512F006BA56C}.Debug|Any CPU.Build.0 = Debug|Any CPU
		{D1035050-ECD8-4D58-9591-512F006BA56C}.Release|Any CPU.ActiveCfg = Release|Any CPU
		{D1035050-ECD8-4D58-9591-512F006BA56C}.Release|Any CPU.Build.0 = Release|Any CPU
		{A35E7B51-53FE-47F9-9085-9791EE26C660}.Debug|Any CPU.ActiveCfg = Debug|Any CPU
		{A35E7B51-53FE-47F9-9085-9791EE26C660}.Debug|Any CPU.Build.0 = Debug|Any CPU
		{A35E7B51-53FE-47F9-9085-9791EE26C660}.Debug|Any CPU.Deploy.0 = Debug|Any CPU
		{A35E7B51-53FE-47F9-9085-9791EE26C660}.Release|Any CPU.ActiveCfg = Release|Any CPU
		{A35E7B51-53FE-47F9-9085-9791EE26C660}.Release|Any CPU.Build.0 = Release|Any CPU
		{A35E7B51-53FE-47F9-9085-9791EE26C660}.Release|Any CPU.Deploy.0 = Release|Any CPU
	EndGlobalSection
	GlobalSection(SolutionProperties) = preSolution
		HideSolutionNode = FALSE
	EndGlobalSection
	GlobalSection(ExtensibilityGlobals) = postSolution
		SolutionGuid = {E7D9B56D-FDFC-4085-8997-CC0AFD0C0668}
	EndGlobalSection
EndGlobal
