
Microsoft Visual Studio Solution File, Format Version 12.00
# Visual Studio Version 16
VisualStudioVersion = 16.0.32106.194
MinimumVisualStudioVersion = 10.0.40219.1
Project("{FAE04EC0-301F-11D3-BF4B-00C04F79EFBC}") = "Wyswietlanie", "Wyswietlanie\Wyswietlanie.csproj", "{20F20A07-2CF8-410E-8A58-A279C25DE879}"
EndProject
Global
	GlobalSection(SolutionConfigurationPlatforms) = preSolution
		Debug|Any CPU = Debug|Any CPU
		Release|Any CPU = Release|Any CPU
	EndGlobalSection
	GlobalSection(ProjectConfigurationPlatforms) = postSolution
		{20F20A07-2CF8-410E-8A58-A279C25DE879}.Debug|Any CPU.ActiveCfg = Debug|Any CPU
		{20F20A07-2CF8-410E-8A58-A279C25DE879}.Debug|Any CPU.Build.0 = Debug|Any CPU
		{20F20A07-2CF8-410E-8A58-A279C25DE879}.Release|Any CPU.ActiveCfg = Release|Any CPU
		{20F20A07-2CF8-410E-8A58-A279C25DE879}.Release|Any CPU.Build.0 = Release|Any CPU
	EndGlobalSection
	GlobalSection(SolutionProperties) = preSolution
		HideSolutionNode = FALSE
	EndGlobalSection
	GlobalSection(ExtensibilityGlobals) = postSolution
		SolutionGuid = {B673AF68-BFD0-4E11-94CC-1079B4B191D5}
	EndGlobalSection
EndGlobal
